// !$*UTF8*$!
{
	archiveVersion = 1;
	classes = {
	};
	objectVersion = 77;
	objects = {

/* Begin PBXBuildFile section */
		05442E0B433D265E37A12960 /* AngelTreeScheduleWidget.swift in Sources */ = {isa = PBXBuildFile; fileRef = 2897B76F9443ECEC0B452522 /* AngelTreeScheduleWidget.swift */; };
		05EE2D82E45902B9734F9F2D /* ScheduleCache.swift in Sources */ = {isa = PBXBuildFile; fileRef = B6ED0BEF46EF6C6BA51558C9 /* ScheduleCache.swift */; };
		062C5EF297809F0E27ED990C /* SystemActions.swift in Sources */ = {isa = PBXBuildFile; fileRef = CF57003CC53985392D350C73 /* SystemActions.swift */; };
		066862EC5A19ACC4A7A07C48 /* WorkCard.swift in Sources */ = {isa = PBXBuildFile; fileRef = AE77D917E826EE400BB3D5E5 /* WorkCard.swift */; };
		089B667970B0A714A2B25CEA /* Supabase in Frameworks */ = {isa = PBXBuildFile; productRef = 369A42B2FF75406FA04E4905 /* Supabase */; };
		099575F3C52446394F3053FD /* AccessModels.swift in Sources */ = {isa = PBXBuildFile; fileRef = C8133C02D0A6F86B600C56C3 /* AccessModels.swift */; };
		0A60E803EA89577EBF7E4D2F /* BusinessCalendar.swift in Sources */ = {isa = PBXBuildFile; fileRef = E9C0F21CFF7F4CDD649AB0E9 /* BusinessCalendar.swift */; };
		0D0D88DAC4576C7441358FC7 /* CustomerDetailView.swift in Sources */ = {isa = PBXBuildFile; fileRef = 37AEDE133B9EB84F4AC7BD83 /* CustomerDetailView.swift */; };
		0D5BC39BB8B6F95FF5BC01E7 /* FieldModelTests.swift in Sources */ = {isa = PBXBuildFile; fileRef = A67BC37D61B41A87ABC968DE /* FieldModelTests.swift */; };
		11022509833AB78CE243F785 /* JobDetailView.swift in Sources */ = {isa = PBXBuildFile; fileRef = 745D233CCF7532975F7EDA5D /* JobDetailView.swift */; };
		12B7505120B41551F4ED8137 /* WidgetScheduleTests.swift in Sources */ = {isa = PBXBuildFile; fileRef = DE8E641304197E8B6AA3464E /* WidgetScheduleTests.swift */; };
		1D01AAD65C46C6F1F8687C8E /* StatusBadge.swift in Sources */ = {isa = PBXBuildFile; fileRef = DEF5536684303B7A455A28A9 /* StatusBadge.swift */; };
		267E42E52966554612ACE690 /* AngelTreeTheme.swift in Sources */ = {isa = PBXBuildFile; fileRef = 0ACAE1F12983952F0FF986CB /* AngelTreeTheme.swift */; };
		2BB936B2E019AB00C0A7A1B6 /* AuthenticationService.swift in Sources */ = {isa = PBXBuildFile; fileRef = 851A40272639219959202861 /* AuthenticationService.swift */; };
		33722A4B01133C9B07785D35 /* ServiceLocationDetailView.swift in Sources */ = {isa = PBXBuildFile; fileRef = C5EAC120EAE1985B741C4418 /* ServiceLocationDetailView.swift */; };
		35DE9418B4561353701ADCFA /* FieldCacheTests.swift in Sources */ = {isa = PBXBuildFile; fileRef = 35CB14674A348A7C1B00353C /* FieldCacheTests.swift */; };
		3846B83781223623A68B69B8 /* FieldUnavailableView.swift in Sources */ = {isa = PBXBuildFile; fileRef = 1F25966C6F09B80BBB43C0E9 /* FieldUnavailableView.swift */; };
		38556BF786138F5F3D4412C4 /* AngelTreeApp.swift in Sources */ = {isa = PBXBuildFile; fileRef = 3522271D7D09C3BBAA74ABFF /* AngelTreeApp.swift */; };
		3B09FA2F51DF848EAEEFFAE1 /* RootView.swift in Sources */ = {isa = PBXBuildFile; fileRef = 383C66802D1DC9177502AC3C /* RootView.swift */; };
		45B5E1F1F3C2F3E8B6417891 /* LoginView.swift in Sources */ = {isa = PBXBuildFile; fileRef = 9D9117C3353831CBB919479A /* LoginView.swift */; };
		47A25671FCD1BD8B00F9E199 /* FieldCache.swift in Sources */ = {isa = PBXBuildFile; fileRef = AE9E7A080B9AE922F417C83C /* FieldCache.swift */; };
		4C9FC1807CE391892110E810 /* CustomersView.swift in Sources */ = {isa = PBXBuildFile; fileRef = 56E36D87375E7223C2000D1A /* CustomersView.swift */; };
		5F2E1A3FBBD50E110EE1A98E /* ScheduleModels.swift in Sources */ = {isa = PBXBuildFile; fileRef = E63F5CAA592F884818E617D6 /* ScheduleModels.swift */; };
		61C66D42F87E6563BB394A49 /* Assets.xcassets in Resources */ = {isa = PBXBuildFile; fileRef = 0ABEEA5637F091449423203B /* Assets.xcassets */; };
		6302686950120B07F5985523 /* TodayView.swift in Sources */ = {isa = PBXBuildFile; fileRef = F18D93199CDE0AB87EFA24AF /* TodayView.swift */; };
		659C0AF4609E5529A6B07BCC /* TestFixtures.swift in Sources */ = {isa = PBXBuildFile; fileRef = C0693DD4648696744203E607 /* TestFixtures.swift */; };
		6617D909C15250AD4009FD3D /* WidgetSyncService.swift in Sources */ = {isa = PBXBuildFile; fileRef = 34B2744897676ABED9ED137B /* WidgetSyncService.swift */; };
		6AA2A045C82DBA96FA4B58D9 /* MobileAPIClient.swift in Sources */ = {isa = PBXBuildFile; fileRef = 60FB8684D894EE9C4D2D6089 /* MobileAPIClient.swift */; };
		6D34CB60C420802B628103D1 /* ScheduleStore.swift in Sources */ = {isa = PBXBuildFile; fileRef = 97902D838B738F42EDFE04B3 /* ScheduleStore.swift */; };
		71C8D1A5AD191A54AEB3948B /* AppModel.swift in Sources */ = {isa = PBXBuildFile; fileRef = 05A231CB197A9F8EC4D7028B /* AppModel.swift */; };
		7B14DC1F101034FB316569D9 /* WidgetSnapshot.swift in Sources */ = {isa = PBXBuildFile; fileRef = 300CB944916024FE5B4E3851 /* WidgetSnapshot.swift */; };
		7C8C9CD2F0C1ACF10A67C97E /* WidgetScheduleLogic.swift in Sources */ = {isa = PBXBuildFile; fileRef = F3EC59D44449D288233326D2 /* WidgetScheduleLogic.swift */; };
		7FB6C0DEB892D80F13D46DC0 /* SchedulePresentation.swift in Sources */ = {isa = PBXBuildFile; fileRef = F5A38E57D32E2E0B9780B063 /* SchedulePresentation.swift */; };
		80DD2220B04A225774980604 /* AngelTreeWidget.appex in Embed Foundation Extensions */ = {isa = PBXBuildFile; fileRef = DD5BC950B19E1364B7049943 /* AngelTreeWidget.appex */; settings = {ATTRIBUTES = (RemoveHeadersOnCopy, ); }; };
		876998A4BF9C8AD3F73700FD /* FieldModels.swift in Sources */ = {isa = PBXBuildFile; fileRef = 7896678827290E9400F7C4D9 /* FieldModels.swift */; };
		93B0A6EA078949306182FD38 /* JobPhotosSection.swift in Sources */ = {isa = PBXBuildFile; fileRef = 480DE1CA596BFA7B21A265FC /* JobPhotosSection.swift */; };
		96E5B34418FD0386C44ECF26 /* MobileAPIClientTests.swift in Sources */ = {isa = PBXBuildFile; fileRef = FC7FFB74CB75E332CD6D97B4 /* MobileAPIClientTests.swift */; };
		98ABCE7306A47728F34DC7AA /* AppConfigurationTests.swift in Sources */ = {isa = PBXBuildFile; fileRef = 7D006ED6F1818F73A10A0A9F /* AppConfigurationTests.swift */; };
		A5558C2F31A8985901F9934E /* ScheduleLogicTests.swift in Sources */ = {isa = PBXBuildFile; fileRef = 555DEF874C6D82B264080E58 /* ScheduleLogicTests.swift */; };
		A5B02864DCAC895AC90F1615 /* AppConfiguration.swift in Sources */ = {isa = PBXBuildFile; fileRef = BB2DCCF43DFA45C5B88A6726 /* AppConfiguration.swift */; };
		A8B3F7F46272EB598E5CF2CA /* MoreView.swift in Sources */ = {isa = PBXBuildFile; fileRef = 5B96AA323BD7D0E65541E310 /* MoreView.swift */; };
		A9B89D3211AB2441F92E7B04 /* BusinessCalendarTests.swift in Sources */ = {isa = PBXBuildFile; fileRef = 5160443FD9636E817827636C /* BusinessCalendarTests.swift */; };
		AA71FD9114D557A4E062399B /* WidgetDeepLink.swift in Sources */ = {isa = PBXBuildFile; fileRef = 6D5EF40D8282FF6118835E85 /* WidgetDeepLink.swift */; };
		B6084D00B61122126EB30DCA /* ScheduleView.swift in Sources */ = {isa = PBXBuildFile; fileRef = 47121F3F34C37091B502D7B4 /* ScheduleView.swift */; };
		BE7F00AEB5A25873E74EC04D /* StatusStyle.swift in Sources */ = {isa = PBXBuildFile; fileRef = 93D0D1379124996F47D2C0C6 /* StatusStyle.swift */; };
		C2F289FEE3DBB8E1B55E195E /* FieldDataService.swift in Sources */ = {isa = PBXBuildFile; fileRef = 562D8249EB6AF3925AC5609A /* FieldDataService.swift */; };
		C44B11096D8CD5921D56C0A0 /* JobPhotoService.swift in Sources */ = {isa = PBXBuildFile; fileRef = A2E3A8A6F17C748AB4913587 /* JobPhotoService.swift */; };
		C7A98B78C77104A4279C606C /* QuickActionButton.swift in Sources */ = {isa = PBXBuildFile; fileRef = 2DF2363E4AD724384F2CB536 /* QuickActionButton.swift */; };
		C8BC16357F32F39217F049FE /* WidgetSnapshot.swift in Sources */ = {isa = PBXBuildFile; fileRef = 300CB944916024FE5B4E3851 /* WidgetSnapshot.swift */; };
		D16342EB4598B1D374E9A670 /* WorkQuickActions.swift in Sources */ = {isa = PBXBuildFile; fileRef = CD5ADA2A989F3FE5F7EAC5F2 /* WorkQuickActions.swift */; };
		D165C3E35FABC20C8D37588C /* WorkDetailView.swift in Sources */ = {isa = PBXBuildFile; fileRef = 2A80BD85E32B75AD1D08B9E3 /* WorkDetailView.swift */; };
		D3B6C0B890AD55D57AE525A3 /* WidgetScheduleLogic.swift in Sources */ = {isa = PBXBuildFile; fileRef = F3EC59D44449D288233326D2 /* WidgetScheduleLogic.swift */; };
		DCECD59B4117F1D5234F853C /* RefreshBanner.swift in Sources */ = {isa = PBXBuildFile; fileRef = 02C7D28888DED1E4DE8753DD /* RefreshBanner.swift */; };
		DF736EBE2E5AF447713AB027 /* ScheduleCacheTests.swift in Sources */ = {isa = PBXBuildFile; fileRef = 882F8B97D674AE809CEB3578 /* ScheduleCacheTests.swift */; };
		E827F20BB3F9EC5DAA45FD8C /* AccessResolutionTests.swift in Sources */ = {isa = PBXBuildFile; fileRef = B303CF93EAF63B37AD78E877 /* AccessResolutionTests.swift */; };
		E95E59FB60044C4B42F52773 /* WidgetDeepLink.swift in Sources */ = {isa = PBXBuildFile; fileRef = 6D5EF40D8282FF6118835E85 /* WidgetDeepLink.swift */; };
		F9FDCE2786AFC7CEE06D2209 /* MainTabView.swift in Sources */ = {isa = PBXBuildFile; fileRef = 0BD81F0BC97B9046F1F6F6DD /* MainTabView.swift */; };
/* End PBXBuildFile section */

/* Begin PBXContainerItemProxy section */
		86C2D49CFB1AFE60330B4466 /* PBXContainerItemProxy */ = {
			isa = PBXContainerItemProxy;
			containerPortal = B7103D6A390AF468D3DCED64 /* Project object */;
			proxyType = 1;
			remoteGlobalIDString = 953F1DCD4FC1797CF8B34D0F;
			remoteInfo = AngelTreeWidget;
		};
		FF2C2D5D5FDAE35CC21172ED /* PBXContainerItemProxy */ = {
			isa = PBXContainerItemProxy;
			containerPortal = B7103D6A390AF468D3DCED64 /* Project object */;
			proxyType = 1;
			remoteGlobalIDString = 3F20815596C94C63055360E5;
			remoteInfo = AngelTree;
		};
/* End PBXContainerItemProxy section */

/* Begin PBXCopyFilesBuildPhase section */
		CE5261356FD43555B4AC79A6 /* Embed Foundation Extensions */ = {
			isa = PBXCopyFilesBuildPhase;
			buildActionMask = 2147483647;
			dstPath = "";
			dstSubfolderSpec = 13;
			files = (
				80DD2220B04A225774980604 /* AngelTreeWidget.appex in Embed Foundation Extensions */,
			);
			name = "Embed Foundation Extensions";
			runOnlyForDeploymentPostprocessing = 0;
		};
/* End PBXCopyFilesBuildPhase section */

/* Begin PBXFileReference section */
		02C7D28888DED1E4DE8753DD /* RefreshBanner.swift */ = {isa = PBXFileReference; lastKnownFileType = sourcecode.swift; path = RefreshBanner.swift; sourceTree = "<group>"; };
		05A231CB197A9F8EC4D7028B /* AppModel.swift */ = {isa = PBXFileReference; lastKnownFileType = sourcecode.swift; path = AppModel.swift; sourceTree = "<group>"; };
		0ABEEA5637F091449423203B /* Assets.xcassets */ = {isa = PBXFileReference; lastKnownFileType = folder.assetcatalog; path = Assets.xcassets; sourceTree = "<group>"; };
		0ACAE1F12983952F0FF986CB /* AngelTreeTheme.swift */ = {isa = PBXFileReference; lastKnownFileType = sourcecode.swift; path = AngelTreeTheme.swift; sourceTree = "<group>"; };
		0BD81F0BC97B9046F1F6F6DD /* MainTabView.swift */ = {isa = PBXFileReference; lastKnownFileType = sourcecode.swift; path = MainTabView.swift; sourceTree = "<group>"; };
		1F25966C6F09B80BBB43C0E9 /* FieldUnavailableView.swift */ = {isa = PBXFileReference; lastKnownFileType = sourcecode.swift; path = FieldUnavailableView.swift; sourceTree = "<group>"; };
		2897B76F9443ECEC0B452522 /* AngelTreeScheduleWidget.swift */ = {isa = PBXFileReference; lastKnownFileType = sourcecode.swift; path = AngelTreeScheduleWidget.swift; sourceTree = "<group>"; };
		2A80BD85E32B75AD1D08B9E3 /* WorkDetailView.swift */ = {isa = PBXFileReference; lastKnownFileType = sourcecode.swift; path = WorkDetailView.swift; sourceTree = "<group>"; };
		2DF2363E4AD724384F2CB536 /* QuickActionButton.swift */ = {isa = PBXFileReference; lastKnownFileType = sourcecode.swift; path = QuickActionButton.swift; sourceTree = "<group>"; };
		300CB944916024FE5B4E3851 /* WidgetSnapshot.swift */ = {isa = PBXFileReference; lastKnownFileType = sourcecode.swift; path = WidgetSnapshot.swift; sourceTree = "<group>"; };
		34B2744897676ABED9ED137B /* WidgetSyncService.swift */ = {isa = PBXFileReference; lastKnownFileType = sourcecode.swift; path = WidgetSyncService.swift; sourceTree = "<group>"; };
		3522271D7D09C3BBAA74ABFF /* AngelTreeApp.swift */ = {isa = PBXFileReference; lastKnownFileType = sourcecode.swift; path = AngelTreeApp.swift; sourceTree = "<group>"; };
		35CB14674A348A7C1B00353C /* FieldCacheTests.swift */ = {isa = PBXFileReference; lastKnownFileType = sourcecode.swift; path = FieldCacheTests.swift; sourceTree = "<group>"; };
		37AEDE133B9EB84F4AC7BD83 /* CustomerDetailView.swift */ = {isa = PBXFileReference; lastKnownFileType = sourcecode.swift; path = CustomerDetailView.swift; sourceTree = "<group>"; };
		383C66802D1DC9177502AC3C /* RootView.swift */ = {isa = PBXFileReference; lastKnownFileType = sourcecode.swift; path = RootView.swift; sourceTree = "<group>"; };
		3CCD2C2D17489C61000A3F0C /* AngelTreeTests.xctest */ = {isa = PBXFileReference; includeInIndex = 0; lastKnownFileType = wrapper.cfbundle; path = AngelTreeTests.xctest; sourceTree = BUILT_PRODUCTS_DIR; };
		47121F3F34C37091B502D7B4 /* ScheduleView.swift */ = {isa = PBXFileReference; lastKnownFileType = sourcecode.swift; path = ScheduleView.swift; sourceTree = "<group>"; };
		480DE1CA596BFA7B21A265FC /* JobPhotosSection.swift */ = {isa = PBXFileReference; lastKnownFileType = sourcecode.swift; path = JobPhotosSection.swift; sourceTree = "<group>"; };
		5160443FD9636E817827636C /* BusinessCalendarTests.swift */ = {isa = PBXFileReference; lastKnownFileType = sourcecode.swift; path = BusinessCalendarTests.swift; sourceTree = "<group>"; };
		555DEF874C6D82B264080E58 /* ScheduleLogicTests.swift */ = {isa = PBXFileReference; lastKnownFileType = sourcecode.swift; path = ScheduleLogicTests.swift; sourceTree = "<group>"; };
		562D8249EB6AF3925AC5609A /* FieldDataService.swift */ = {isa = PBXFileReference; lastKnownFileType = sourcecode.swift; path = FieldDataService.swift; sourceTree = "<group>"; };
		56E36D87375E7223C2000D1A /* CustomersView.swift */ = {isa = PBXFileReference; lastKnownFileType = sourcecode.swift; path = CustomersView.swift; sourceTree = "<group>"; };
		5B96AA323BD7D0E65541E310 /* MoreView.swift */ = {isa = PBXFileReference; lastKnownFileType = sourcecode.swift; path = MoreView.swift; sourceTree = "<group>"; };
		60FB8684D894EE9C4D2D6089 /* MobileAPIClient.swift */ = {isa = PBXFileReference; lastKnownFileType = sourcecode.swift; path = MobileAPIClient.swift; sourceTree = "<group>"; };
		6B7BAC3BC0BD7B45B39C8BE4 /* AngelTree.entitlements */ = {isa = PBXFileReference; lastKnownFileType = text.plist.entitlements; path = AngelTree.entitlements; sourceTree = "<group>"; };
		6D5EF40D8282FF6118835E85 /* WidgetDeepLink.swift */ = {isa = PBXFileReference; lastKnownFileType = sourcecode.swift; path = WidgetDeepLink.swift; sourceTree = "<group>"; };
		6F437299B339CAD164494B60 /* AngelTreeWidget.entitlements */ = {isa = PBXFileReference; lastKnownFileType = text.plist.entitlements; path = AngelTreeWidget.entitlements; sourceTree = "<group>"; };
		745D233CCF7532975F7EDA5D /* JobDetailView.swift */ = {isa = PBXFileReference; lastKnownFileType = sourcecode.swift; path = JobDetailView.swift; sourceTree = "<group>"; };
		7896678827290E9400F7C4D9 /* FieldModels.swift */ = {isa = PBXFileReference; lastKnownFileType = sourcecode.swift; path = FieldModels.swift; sourceTree = "<group>"; };
		7D006ED6F1818F73A10A0A9F /* AppConfigurationTests.swift */ = {isa = PBXFileReference; lastKnownFileType = sourcecode.swift; path = AppConfigurationTests.swift; sourceTree = "<group>"; };
		851A40272639219959202861 /* AuthenticationService.swift */ = {isa = PBXFileReference; lastKnownFileType = sourcecode.swift; path = AuthenticationService.swift; sourceTree = "<group>"; };
		882F8B97D674AE809CEB3578 /* ScheduleCacheTests.swift */ = {isa = PBXFileReference; lastKnownFileType = sourcecode.swift; path = ScheduleCacheTests.swift; sourceTree = "<group>"; };
		93D0D1379124996F47D2C0C6 /* StatusStyle.swift */ = {isa = PBXFileReference; lastKnownFileType = sourcecode.swift; path = StatusStyle.swift; sourceTree = "<group>"; };
		97902D838B738F42EDFE04B3 /* ScheduleStore.swift */ = {isa = PBXFileReference; lastKnownFileType = sourcecode.swift; path = ScheduleStore.swift; sourceTree = "<group>"; };
		9B7B62D2755F4592D7AC33B7 /* Info.plist */ = {isa = PBXFileReference; lastKnownFileType = text.plist; path = Info.plist; sourceTree = "<group>"; };
		9D9117C3353831CBB919479A /* LoginView.swift */ = {isa = PBXFileReference; lastKnownFileType = sourcecode.swift; path = LoginView.swift; sourceTree = "<group>"; };
		A2E3A8A6F17C748AB4913587 /* JobPhotoService.swift */ = {isa = PBXFileReference; lastKnownFileType = sourcecode.swift; path = JobPhotoService.swift; sourceTree = "<group>"; };
		A67BC37D61B41A87ABC968DE /* FieldModelTests.swift */ = {isa = PBXFileReference; lastKnownFileType = sourcecode.swift; path = FieldModelTests.swift; sourceTree = "<group>"; };
		ACF8D811D3E75EFDF0C3BD8C /* AngelTree.app */ = {isa = PBXFileReference; includeInIndex = 0; lastKnownFileType = wrapper.application; path = AngelTree.app; sourceTree = BUILT_PRODUCTS_DIR; };
		AE77D917E826EE400BB3D5E5 /* WorkCard.swift */ = {isa = PBXFileReference; lastKnownFileType = sourcecode.swift; path = WorkCard.swift; sourceTree = "<group>"; };
		AE9E7A080B9AE922F417C83C /* FieldCache.swift */ = {isa = PBXFileReference; lastKnownFileType = sourcecode.swift; path = FieldCache.swift; sourceTree = "<group>"; };
		B303CF93EAF63B37AD78E877 /* AccessResolutionTests.swift */ = {isa = PBXFileReference; lastKnownFileType = sourcecode.swift; path = AccessResolutionTests.swift; sourceTree = "<group>"; };
		B51B02780779A84AB13C4C2B /* Info.plist */ = {isa = PBXFileReference; lastKnownFileType = text.plist; path = Info.plist; sourceTree = "<group>"; };
		B6ED0BEF46EF6C6BA51558C9 /* ScheduleCache.swift */ = {isa = PBXFileReference; lastKnownFileType = sourcecode.swift; path = ScheduleCache.swift; sourceTree = "<group>"; };
		BB2DCCF43DFA45C5B88A6726 /* AppConfiguration.swift */ = {isa = PBXFileReference; lastKnownFileType = sourcecode.swift; path = AppConfiguration.swift; sourceTree = "<group>"; };
		C0693DD4648696744203E607 /* TestFixtures.swift */ = {isa = PBXFileReference; lastKnownFileType = sourcecode.swift; path = TestFixtures.swift; sourceTree = "<group>"; };
		C479E015228AA4E0BFE795D1 /* Shared.xcconfig */ = {isa = PBXFileReference; lastKnownFileType = text.xcconfig; path = Shared.xcconfig; sourceTree = "<group>"; };
		C5EAC120EAE1985B741C4418 /* ServiceLocationDetailView.swift */ = {isa = PBXFileReference; lastKnownFileType = sourcecode.swift; path = ServiceLocationDetailView.swift; sourceTree = "<group>"; };
		C8133C02D0A6F86B600C56C3 /* AccessModels.swift */ = {isa = PBXFileReference; lastKnownFileType = sourcecode.swift; path = AccessModels.swift; sourceTree = "<group>"; };
		CD5ADA2A989F3FE5F7EAC5F2 /* WorkQuickActions.swift */ = {isa = PBXFileReference; lastKnownFileType = sourcecode.swift; path = WorkQuickActions.swift; sourceTree = "<group>"; };
		CF57003CC53985392D350C73 /* SystemActions.swift */ = {isa = PBXFileReference; lastKnownFileType = sourcecode.swift; path = SystemActions.swift; sourceTree = "<group>"; };
		DD5BC950B19E1364B7049943 /* AngelTreeWidget.appex */ = {isa = PBXFileReference; includeInIndex = 0; lastKnownFileType = "wrapper.app-extension"; path = AngelTreeWidget.appex; sourceTree = BUILT_PRODUCTS_DIR; };
		DE8E641304197E8B6AA3464E /* WidgetScheduleTests.swift */ = {isa = PBXFileReference; lastKnownFileType = sourcecode.swift; path = WidgetScheduleTests.swift; sourceTree = "<group>"; };
		DEF5536684303B7A455A28A9 /* StatusBadge.swift */ = {isa = PBXFileReference; lastKnownFileType = sourcecode.swift; path = StatusBadge.swift; sourceTree = "<group>"; };
		E63F5CAA592F884818E617D6 /* ScheduleModels.swift */ = {isa = PBXFileReference; lastKnownFileType = sourcecode.swift; path = ScheduleModels.swift; sourceTree = "<group>"; };
		E9C0F21CFF7F4CDD649AB0E9 /* BusinessCalendar.swift */ = {isa = PBXFileReference; lastKnownFileType = sourcecode.swift; path = BusinessCalendar.swift; sourceTree = "<group>"; };
		F18D93199CDE0AB87EFA24AF /* TodayView.swift */ = {isa = PBXFileReference; lastKnownFileType = sourcecode.swift; path = TodayView.swift; sourceTree = "<group>"; };
		F3EC59D44449D288233326D2 /* WidgetScheduleLogic.swift */ = {isa = PBXFileReference; lastKnownFileType = sourcecode.swift; path = WidgetScheduleLogic.swift; sourceTree = "<group>"; };
		F5A38E57D32E2E0B9780B063 /* SchedulePresentation.swift */ = {isa = PBXFileReference; lastKnownFileType = sourcecode.swift; path = SchedulePresentation.swift; sourceTree = "<group>"; };
		FC7FFB74CB75E332CD6D97B4 /* MobileAPIClientTests.swift */ = {isa = PBXFileReference; lastKnownFileType = sourcecode.swift; path = MobileAPIClientTests.swift; sourceTree = "<group>"; };
/* End PBXFileReference section */

/* Begin PBXFrameworksBuildPhase section */
		8E185AA6AF9A5A47B23372E6 /* Frameworks */ = {
			isa = PBXFrameworksBuildPhase;
			buildActionMask = 2147483647;
			files = (
				089B667970B0A714A2B25CEA /* Supabase in Frameworks */,
			);
			runOnlyForDeploymentPostprocessing = 0;
		};
/* End PBXFrameworksBuildPhase section */

/* Begin PBXGroup section */
		0AD3ACBAFF362410786629BC /* Application */ = {
			isa = PBXGroup;
			children = (
				05A231CB197A9F8EC4D7028B /* AppModel.swift */,
				0BD81F0BC97B9046F1F6F6DD /* MainTabView.swift */,
				383C66802D1DC9177502AC3C /* RootView.swift */,
			);
			path = Application;
			sourceTree = "<group>";
		};
		11C12923FC97EE45B06C8816 /* Products */ = {
			isa = PBXGroup;
			children = (
				ACF8D811D3E75EFDF0C3BD8C /* AngelTree.app */,
				3CCD2C2D17489C61000A3F0C /* AngelTreeTests.xctest */,
				DD5BC950B19E1364B7049943 /* AngelTreeWidget.appex */,
			);
			name = Products;
			sourceTree = "<group>";
		};
		2262AFAACB93C9D0C8C50E3B /* Design */ = {
			isa = PBXGroup;
			children = (
				0ACAE1F12983952F0FF986CB /* AngelTreeTheme.swift */,
				93D0D1379124996F47D2C0C6 /* StatusStyle.swift */,
			);
			path = Design;
			sourceTree = "<group>";
		};
		2F64B7137C4A5C5C8CDD7270 /* Services */ = {
			isa = PBXGroup;
			children = (
				851A40272639219959202861 /* AuthenticationService.swift */,
				AE9E7A080B9AE922F417C83C /* FieldCache.swift */,
				562D8249EB6AF3925AC5609A /* FieldDataService.swift */,
				A2E3A8A6F17C748AB4913587 /* JobPhotoService.swift */,
				60FB8684D894EE9C4D2D6089 /* MobileAPIClient.swift */,
				B6ED0BEF46EF6C6BA51558C9 /* ScheduleCache.swift */,
				97902D838B738F42EDFE04B3 /* ScheduleStore.swift */,
				34B2744897676ABED9ED137B /* WidgetSyncService.swift */,
			);
			path = Services;
			sourceTree = "<group>";
		};
		3303256A7F9CBFBA3ED291D9 /* Today */ = {
			isa = PBXGroup;
			children = (
				F18D93199CDE0AB87EFA24AF /* TodayView.swift */,
			);
			path = Today;
			sourceTree = "<group>";
		};
		35627AB12FA9728E145B249C /* AngelTreeTests */ = {
			isa = PBXGroup;
			children = (
				B303CF93EAF63B37AD78E877 /* AccessResolutionTests.swift */,
				7D006ED6F1818F73A10A0A9F /* AppConfigurationTests.swift */,
				5160443FD9636E817827636C /* BusinessCalendarTests.swift */,
				35CB14674A348A7C1B00353C /* FieldCacheTests.swift */,
				A67BC37D61B41A87ABC968DE /* FieldModelTests.swift */,
				FC7FFB74CB75E332CD6D97B4 /* MobileAPIClientTests.swift */,
				882F8B97D674AE809CEB3578 /* ScheduleCacheTests.swift */,
				555DEF874C6D82B264080E58 /* ScheduleLogicTests.swift */,
				C0693DD4648696744203E607 /* TestFixtures.swift */,
				DE8E641304197E8B6AA3464E /* WidgetScheduleTests.swift */,
			);
			path = AngelTreeTests;
			sourceTree = "<group>";
		};
		37926CAA5ADAAD1E40EEEB72 /* Shared */ = {
			isa = PBXGroup;
			children = (
				BF60F698849439BC82F9CFA6 /* Widget */,
			);
			path = Shared;
			sourceTree = "<group>";
		};
		3F20789CC36066C2D058511A /* Utilities */ = {
			isa = PBXGroup;
			children = (
				E9C0F21CFF7F4CDD649AB0E9 /* BusinessCalendar.swift */,
				F5A38E57D32E2E0B9780B063 /* SchedulePresentation.swift */,
				CF57003CC53985392D350C73 /* SystemActions.swift */,
			);
			path = Utilities;
			sourceTree = "<group>";
		};
		4D31A67081108CC8FB779E40 /* Config */ = {
			isa = PBXGroup;
			children = (
				C479E015228AA4E0BFE795D1 /* Shared.xcconfig */,
			);
			path = Config;
			sourceTree = "<group>";
		};
		6183FE447D6D9D79AADB7C8F /* Components */ = {
			isa = PBXGroup;
			children = (
				1F25966C6F09B80BBB43C0E9 /* FieldUnavailableView.swift */,
				2DF2363E4AD724384F2CB536 /* QuickActionButton.swift */,
				02C7D28888DED1E4DE8753DD /* RefreshBanner.swift */,
				DEF5536684303B7A455A28A9 /* StatusBadge.swift */,
				AE77D917E826EE400BB3D5E5 /* WorkCard.swift */,
				CD5ADA2A989F3FE5F7EAC5F2 /* WorkQuickActions.swift */,
			);
			path = Components;
			sourceTree = "<group>";
		};
		7DF2FD744A342699F074FEAF /* Customers */ = {
			isa = PBXGroup;
			children = (
				37AEDE133B9EB84F4AC7BD83 /* CustomerDetailView.swift */,
				56E36D87375E7223C2000D1A /* CustomersView.swift */,
				C5EAC120EAE1985B741C4418 /* ServiceLocationDetailView.swift */,
			);
			path = Customers;
			sourceTree = "<group>";
		};
		811F5DE63438A6D1B2BAB688 /* Login */ = {
			isa = PBXGroup;
			children = (
				9D9117C3353831CBB919479A /* LoginView.swift */,
			);
			path = Login;
			sourceTree = "<group>";
		};
		89463361CA45E509E4A3BFA1 /* More */ = {
			isa = PBXGroup;
			children = (
				5B96AA323BD7D0E65541E310 /* MoreView.swift */,
			);
			path = More;
			sourceTree = "<group>";
		};
		A2E02F820FD5DFAF13A29F40 = {
			isa = PBXGroup;
			children = (
				F0392CF4468B1F0448F15DBA /* AngelTree */,
				35627AB12FA9728E145B249C /* AngelTreeTests */,
				E8453F16578D600A6BAC22CF /* AngelTreeWidget */,
				4D31A67081108CC8FB779E40 /* Config */,
				37926CAA5ADAAD1E40EEEB72 /* Shared */,
				11C12923FC97EE45B06C8816 /* Products */,
			);
			sourceTree = "<group>";
		};
		AA9540132A23B01FE89BBCE3 /* Features */ = {
			isa = PBXGroup;
			children = (
				7DF2FD744A342699F074FEAF /* Customers */,
				811F5DE63438A6D1B2BAB688 /* Login */,
				89463361CA45E509E4A3BFA1 /* More */,
				FCAE4E68687801B8411E499E /* Schedule */,
				3303256A7F9CBFBA3ED291D9 /* Today */,
				E9FEF46A40C4C2B206360542 /* Work */,
			);
			path = Features;
			sourceTree = "<group>";
		};
		B28CD9A027F06085D7572476 /* Configuration */ = {
			isa = PBXGroup;
			children = (
				BB2DCCF43DFA45C5B88A6726 /* AppConfiguration.swift */,
			);
			path = Configuration;
			sourceTree = "<group>";
		};
		BF60F698849439BC82F9CFA6 /* Widget */ = {
			isa = PBXGroup;
			children = (
				6D5EF40D8282FF6118835E85 /* WidgetDeepLink.swift */,
				F3EC59D44449D288233326D2 /* WidgetScheduleLogic.swift */,
				300CB944916024FE5B4E3851 /* WidgetSnapshot.swift */,
			);
			path = Widget;
			sourceTree = "<group>";
		};
		C0BC7CB5036C86AECC93493C /* Models */ = {
			isa = PBXGroup;
			children = (
				C8133C02D0A6F86B600C56C3 /* AccessModels.swift */,
				7896678827290E9400F7C4D9 /* FieldModels.swift */,
				E63F5CAA592F884818E617D6 /* ScheduleModels.swift */,
			);
			path = Models;
			sourceTree = "<group>";
		};
		E8453F16578D600A6BAC22CF /* AngelTreeWidget */ = {
			isa = PBXGroup;
			children = (
				2897B76F9443ECEC0B452522 /* AngelTreeScheduleWidget.swift */,
				6F437299B339CAD164494B60 /* AngelTreeWidget.entitlements */,
				B51B02780779A84AB13C4C2B /* Info.plist */,
			);
			path = AngelTreeWidget;
			sourceTree = "<group>";
		};
		E9FEF46A40C4C2B206360542 /* Work */ = {
			isa = PBXGroup;
			children = (
				745D233CCF7532975F7EDA5D /* JobDetailView.swift */,
				480DE1CA596BFA7B21A265FC /* JobPhotosSection.swift */,
				2A80BD85E32B75AD1D08B9E3 /* WorkDetailView.swift */,
			);
			path = Work;
			sourceTree = "<group>";
		};
		F0392CF4468B1F0448F15DBA /* AngelTree */ = {
			isa = PBXGroup;
			children = (
				0AD3ACBAFF362410786629BC /* Application */,
				6183FE447D6D9D79AADB7C8F /* Components */,
				B28CD9A027F06085D7572476 /* Configuration */,
				2262AFAACB93C9D0C8C50E3B /* Design */,
				AA9540132A23B01FE89BBCE3 /* Features */,
				C0BC7CB5036C86AECC93493C /* Models */,
				2F64B7137C4A5C5C8CDD7270 /* Services */,
				3F20789CC36066C2D058511A /* Utilities */,
				6B7BAC3BC0BD7B45B39C8BE4 /* AngelTree.entitlements */,
				3522271D7D09C3BBAA74ABFF /* AngelTreeApp.swift */,
				0ABEEA5637F091449423203B /* Assets.xcassets */,
				9B7B62D2755F4592D7AC33B7 /* Info.plist */,
			);
			path = AngelTree;
			sourceTree = "<group>";
		};
		FCAE4E68687801B8411E499E /* Schedule */ = {
			isa = PBXGroup;
			children = (
				47121F3F34C37091B502D7B4 /* ScheduleView.swift */,
			);
			path = Schedule;
			sourceTree = "<group>";
		};
/* End PBXGroup section */

/* Begin PBXNativeTarget section */
		3F20815596C94C63055360E5 /* AngelTree */ = {
			isa = PBXNativeTarget;
			buildConfigurationList = BA3150AD35B0B982D600D0E0 /* Build configuration list for PBXNativeTarget "AngelTree" */;
			buildPhases = (
				83D66A11BEC958E4376145CE /* Sources */,
				1222A74EF3BD9D23AA3E6F9C /* Resources */,
				8E185AA6AF9A5A47B23372E6 /* Frameworks */,
				CE5261356FD43555B4AC79A6 /* Embed Foundation Extensions */,
			);
			buildRules = (
			);
			dependencies = (
				ED6C703336AD837F698A7E70 /* PBXTargetDependency */,
			);
			name = AngelTree;
			packageProductDependencies = (
				369A42B2FF75406FA04E4905 /* Supabase */,
			);
			productName = AngelTree;
			productReference = ACF8D811D3E75EFDF0C3BD8C /* AngelTree.app */;
			productType = "com.apple.product-type.application";
		};
		953F1DCD4FC1797CF8B34D0F /* AngelTreeWidget */ = {
			isa = PBXNativeTarget;
			buildConfigurationList = E838A56ABEA64DFC6CB9BAEA /* Build configuration list for PBXNativeTarget "AngelTreeWidget" */;
			buildPhases = (
				3CEDDA48607B0A67773A8932 /* Sources */,
			);
			buildRules = (
			);
			dependencies = (
			);
			name = AngelTreeWidget;
			packageProductDependencies = (
			);
			productName = AngelTreeWidget;
			productReference = DD5BC950B19E1364B7049943 /* AngelTreeWidget.appex */;
			productType = "com.apple.product-type.app-extension";
		};
		E4E2703ED68CB1659540C951 /* AngelTreeTests */ = {
			isa = PBXNativeTarget;
			buildConfigurationList = 73D13A7CD66EF5489D58E3D1 /* Build configuration list for PBXNativeTarget "AngelTreeTests" */;
			buildPhases = (
				8A8A22C214DFB7271B478683 /* Sources */,
			);
			buildRules = (
			);
			dependencies = (
				756116DA0DAC88E1AF2F427E /* PBXTargetDependency */,
			);
			name = AngelTreeTests;
			packageProductDependencies = (
			);
			productName = AngelTreeTests;
			productReference = 3CCD2C2D17489C61000A3F0C /* AngelTreeTests.xctest */;
			productType = "com.apple.product-type.bundle.unit-test";
		};
/* End PBXNativeTarget section */

/* Begin PBXProject section */
		B7103D6A390AF468D3DCED64 /* Project object */ = {
			isa = PBXProject;
			attributes = {
				BuildIndependentTargetsInParallel = YES;
				LastUpgradeCheck = 1640;
				TargetAttributes = {
					3F20815596C94C63055360E5 = {
						DevelopmentTeam = 6X43R56RLW;
						ProvisioningStyle = Automatic;
					};
					953F1DCD4FC1797CF8B34D0F = {
						DevelopmentTeam = 6X43R56RLW;
						ProvisioningStyle = Automatic;
					};
					E4E2703ED68CB1659540C951 = {
						ProvisioningStyle = Automatic;
					};
				};
			};
			buildConfigurationList = 204DFA4CFB8CFD95C52D106A /* Build configuration list for PBXProject "AngelTree" */;
			developmentRegion = en;
			hasScannedForEncodings = 0;
			knownRegions = (
				Base,
				en,
			);
			mainGroup = A2E02F820FD5DFAF13A29F40;
			minimizedProjectReferenceProxies = 1;
			packageReferences = (
				989D75B02BA387561B157F54 /* XCRemoteSwiftPackageReference "supabase-swift" */,
			);
			preferredProjectObjectVersion = 77;
			productRefGroup = 11C12923FC97EE45B06C8816 /* Products */;
			projectDirPath = "";
			projectRoot = "";
			targets = (
				3F20815596C94C63055360E5 /* AngelTree */,
				953F1DCD4FC1797CF8B34D0F /* AngelTreeWidget */,
				E4E2703ED68CB1659540C951 /* AngelTreeTests */,
			);
		};
/* End PBXProject section */

/* Begin PBXResourcesBuildPhase section */
		1222A74EF3BD9D23AA3E6F9C /* Resources */ = {
			isa = PBXResourcesBuildPhase;
			buildActionMask = 2147483647;
			files = (
				61C66D42F87E6563BB394A49 /* Assets.xcassets in Resources */,
			);
			runOnlyForDeploymentPostprocessing = 0;
		};
/* End PBXResourcesBuildPhase section */

/* Begin PBXSourcesBuildPhase section */
		3CEDDA48607B0A67773A8932 /* Sources */ = {
			isa = PBXSourcesBuildPhase;
			buildActionMask = 2147483647;
			files = (
				05442E0B433D265E37A12960 /* AngelTreeScheduleWidget.swift in Sources */,
				AA71FD9114D557A4E062399B /* WidgetDeepLink.swift in Sources */,
				D3B6C0B890AD55D57AE525A3 /* WidgetScheduleLogic.swift in Sources */,
				C8BC16357F32F39217F049FE /* WidgetSnapshot.swift in Sources */,
			);
			runOnlyForDeploymentPostprocessing = 0;
		};
		83D66A11BEC958E4376145CE /* Sources */ = {
			isa = PBXSourcesBuildPhase;
			buildActionMask = 2147483647;
			files = (
				099575F3C52446394F3053FD /* AccessModels.swift in Sources */,
				38556BF786138F5F3D4412C4 /* AngelTreeApp.swift in Sources */,
				267E42E52966554612ACE690 /* AngelTreeTheme.swift in Sources */,
				A5B02864DCAC895AC90F1615 /* AppConfiguration.swift in Sources */,
				71C8D1A5AD191A54AEB3948B /* AppModel.swift in Sources */,
				2BB936B2E019AB00C0A7A1B6 /* AuthenticationService.swift in Sources */,
				0A60E803EA89577EBF7E4D2F /* BusinessCalendar.swift in Sources */,
				0D0D88DAC4576C7441358FC7 /* CustomerDetailView.swift in Sources */,
				4C9FC1807CE391892110E810 /* CustomersView.swift in Sources */,
				47A25671FCD1BD8B00F9E199 /* FieldCache.swift in Sources */,
				C2F289FEE3DBB8E1B55E195E /* FieldDataService.swift in Sources */,
				876998A4BF9C8AD3F73700FD /* FieldModels.swift in Sources */,
				3846B83781223623A68B69B8 /* FieldUnavailableView.swift in Sources */,
				11022509833AB78CE243F785 /* JobDetailView.swift in Sources */,
				C44B11096D8CD5921D56C0A0 /* JobPhotoService.swift in Sources */,
				93B0A6EA078949306182FD38 /* JobPhotosSection.swift in Sources */,
				45B5E1F1F3C2F3E8B6417891 /* LoginView.swift in Sources */,
				F9FDCE2786AFC7CEE06D2209 /* MainTabView.swift in Sources */,
				6AA2A045C82DBA96FA4B58D9 /* MobileAPIClient.swift in Sources */,
				A8B3F7F46272EB598E5CF2CA /* MoreView.swift in Sources */,
				C7A98B78C77104A4279C606C /* QuickActionButton.swift in Sources */,
				DCECD59B4117F1D5234F853C /* RefreshBanner.swift in Sources */,
				3B09FA2F51DF848EAEEFFAE1 /* RootView.swift in Sources */,
				05EE2D82E45902B9734F9F2D /* ScheduleCache.swift in Sources */,
				5F2E1A3FBBD50E110EE1A98E /* ScheduleModels.swift in Sources */,
				7FB6C0DEB892D80F13D46DC0 /* SchedulePresentation.swift in Sources */,
				6D34CB60C420802B628103D1 /* ScheduleStore.swift in Sources */,
				B6084D00B61122126EB30DCA /* ScheduleView.swift in Sources */,
				33722A4B01133C9B07785D35 /* ServiceLocationDetailView.swift in Sources */,
				1D01AAD65C46C6F1F8687C8E /* StatusBadge.swift in Sources */,
				BE7F00AEB5A25873E74EC04D /* StatusStyle.swift in Sources */,
				062C5EF297809F0E27ED990C /* SystemActions.swift in Sources */,
				6302686950120B07F5985523 /* TodayView.swift in Sources */,
				E95E59FB60044C4B42F52773 /* WidgetDeepLink.swift in Sources */,
				7C8C9CD2F0C1ACF10A67C97E /* WidgetScheduleLogic.swift in Sources */,
				7B14DC1F101034FB316569D9 /* WidgetSnapshot.swift in Sources */,
				6617D909C15250AD4009FD3D /* WidgetSyncService.swift in Sources */,
				066862EC5A19ACC4A7A07C48 /* WorkCard.swift in Sources */,
				D165C3E35FABC20C8D37588C /* WorkDetailView.swift in Sources */,
				D16342EB4598B1D374E9A670 /* WorkQuickActions.swift in Sources */,
			);
			runOnlyForDeploymentPostprocessing = 0;
		};
		8A8A22C214DFB7271B478683 /* Sources */ = {
			isa = PBXSourcesBuildPhase;
			buildActionMask = 2147483647;
			files = (
				E827F20BB3F9EC5DAA45FD8C /* AccessResolutionTests.swift in Sources */,
				98ABCE7306A47728F34DC7AA /* AppConfigurationTests.swift in Sources */,
				A9B89D3211AB2441F92E7B04 /* BusinessCalendarTests.swift in Sources */,
				35DE9418B4561353701ADCFA /* FieldCacheTests.swift in Sources */,
				0D5BC39BB8B6F95FF5BC01E7 /* FieldModelTests.swift in Sources */,
				96E5B34418FD0386C44ECF26 /* MobileAPIClientTests.swift in Sources */,
				DF736EBE2E5AF447713AB027 /* ScheduleCacheTests.swift in Sources */,
				A5558C2F31A8985901F9934E /* ScheduleLogicTests.swift in Sources */,
				659C0AF4609E5529A6B07BCC /* TestFixtures.swift in Sources */,
				12B7505120B41551F4ED8137 /* WidgetScheduleTests.swift in Sources */,
			);
			runOnlyForDeploymentPostprocessing = 0;
		};
/* End PBXSourcesBuildPhase section */

/* Begin PBXTargetDependency section */
		756116DA0DAC88E1AF2F427E /* PBXTargetDependency */ = {
			isa = PBXTargetDependency;
			target = 3F20815596C94C63055360E5 /* AngelTree */;
			targetProxy = FF2C2D5D5FDAE35CC21172ED /* PBXContainerItemProxy */;
		};
		ED6C703336AD837F698A7E70 /* PBXTargetDependency */ = {
			isa = PBXTargetDependency;
			target = 953F1DCD4FC1797CF8B34D0F /* AngelTreeWidget */;
			targetProxy = 86C2D49CFB1AFE60330B4466 /* PBXContainerItemProxy */;
		};
/* End PBXTargetDependency section */

/* Begin XCBuildConfiguration section */
		2A54A5182A6E5DBADA59C315 /* Release */ = {
			isa = XCBuildConfiguration;
			buildSettings = {
				BUNDLE_LOADER = "$(TEST_HOST)";
				GENERATE_INFOPLIST_FILE = YES;
				LD_RUNPATH_SEARCH_PATHS = (
					"$(inherited)",
					"@executable_path/Frameworks",
					"@loader_path/Frameworks",
				);
				PRODUCT_BUNDLE_IDENTIFIER = org.angeltreeservices.field.tests;
				SDKROOT = iphoneos;
				TARGETED_DEVICE_FAMILY = "1,2";
				TEST_HOST = "$(BUILT_PRODUCTS_DIR)/AngelTree.app/AngelTree";
			};
			name = Release;
		};
		3D39F5A8ECFC7405EFB70A1D /* Release */ = {
			isa = XCBuildConfiguration;
			buildSettings = {
				APPLICATION_EXTENSION_API_ONLY = YES;
				CODE_SIGN_ENTITLEMENTS = AngelTreeWidget/AngelTreeWidget.entitlements;
				DEVELOPMENT_TEAM = 6X43R56RLW;
				GENERATE_INFOPLIST_FILE = NO;
				INFOPLIST_FILE = AngelTreeWidget/Info.plist;
				LD_RUNPATH_SEARCH_PATHS = (
					"$(inherited)",
					"@executable_path/Frameworks",
					"@executable_path/../../Frameworks",
				);
				PRODUCT_BUNDLE_IDENTIFIER = org.angeltreeservices.field.widget;
				SDKROOT = iphoneos;
				SKIP_INSTALL = YES;
				SUPPORTS_MACCATALYST = NO;
				TARGETED_DEVICE_FAMILY = "1,2";
			};
			name = Release;
		};
		69802EC5AAA9C6F50CA98C60 /* Debug */ = {
			isa = XCBuildConfiguration;
			baseConfigurationReference = C479E015228AA4E0BFE795D1 /* Shared.xcconfig */;
			buildSettings = {
				ALWAYS_SEARCH_USER_PATHS = NO;
				CLANG_ANALYZER_LOCALIZABILITY_NONLOCALIZED = YES;
				CLANG_ANALYZER_NONNULL = YES;
				CLANG_ANALYZER_NUMBER_OBJECT_CONVERSION = YES_AGGRESSIVE;
				CLANG_CXX_LANGUAGE_STANDARD = "gnu++14";
				CLANG_CXX_LIBRARY = "libc++";
				CLANG_ENABLE_MODULES = YES;
				CLANG_ENABLE_OBJC_ARC = YES;
				CLANG_ENABLE_OBJC_WEAK = YES;
				CLANG_WARN_BLOCK_CAPTURE_AUTORELEASING = YES;
				CLANG_WARN_BOOL_CONVERSION = YES;
				CLANG_WARN_COMMA = YES;
				CLANG_WARN_CONSTANT_CONVERSION = YES;
				CLANG_WARN_DEPRECATED_OBJC_IMPLEMENTATIONS = YES;
				CLANG_WARN_DIRECT_OBJC_ISA_USAGE = YES_ERROR;
				CLANG_WARN_DOCUMENTATION_COMMENTS = YES;
				CLANG_WARN_EMPTY_BODY = YES;
				CLANG_WARN_ENUM_CONVERSION = YES;
				CLANG_WARN_INFINITE_RECURSION = YES;
				CLANG_WARN_INT_CONVERSION = YES;
				CLANG_WARN_NON_LITERAL_NULL_CONVERSION = YES;
				CLANG_WARN_OBJC_IMPLICIT_RETAIN_SELF = YES;
				CLANG_WARN_OBJC_LITERAL_CONVERSION = YES;
				CLANG_WARN_OBJC_ROOT_CLASS = YES_ERROR;
				CLANG_WARN_QUOTED_INCLUDE_IN_FRAMEWORK_HEADER = YES;
				CLANG_WARN_RANGE_LOOP_ANALYSIS = YES;
				CLANG_WARN_STRICT_PROTOTYPES = YES;
				CLANG_WARN_SUSPICIOUS_MOVE = YES;
				CLANG_WARN_UNGUARDED_AVAILABILITY = YES_AGGRESSIVE;
				CLANG_WARN_UNREACHABLE_CODE = YES;
				CLANG_WARN__DUPLICATE_METHOD_MATCH = YES;
				COPY_PHASE_STRIP = NO;
				DEBUG_INFORMATION_FORMAT = dwarf;
				DEVELOPMENT_ASSET_PATHS = "\"AngelTree/Preview Content\"";
				ENABLE_STRICT_OBJC_MSGSEND = YES;
				ENABLE_TESTABILITY = YES;
				ENABLE_USER_SCRIPT_SANDBOXING = YES;
				GCC_C_LANGUAGE_STANDARD = gnu11;
				GCC_DYNAMIC_NO_PIC = NO;
				GCC_NO_COMMON_BLOCKS = YES;
				GCC_OPTIMIZATION_LEVEL = 0;
				GCC_PREPROCESSOR_DEFINITIONS = (
					"$(inherited)",
					"DEBUG=1",
				);
				GCC_WARN_64_TO_32_BIT_CONVERSION = YES;
				GCC_WARN_ABOUT_RETURN_TYPE = YES_ERROR;
				GCC_WARN_UNDECLARED_SELECTOR = YES;
				GCC_WARN_UNINITIALIZED_AUTOS = YES_AGGRESSIVE;
				GCC_WARN_UNUSED_FUNCTION = YES;
				GCC_WARN_UNUSED_VARIABLE = YES;
				MTL_ENABLE_DEBUG_INFO = INCLUDE_SOURCE;
				MTL_FAST_MATH = YES;
				ONLY_ACTIVE_ARCH = YES;
				PRODUCT_NAME = "$(TARGET_NAME)";
				SDKROOT = iphoneos;
				SWIFT_ACTIVE_COMPILATION_CONDITIONS = DEBUG;
				SWIFT_OPTIMIZATION_LEVEL = "-Onone";
				SWIFT_STRICT_CONCURRENCY = targeted;
			};
			name = Debug;
		};
		6B4A7F7A51069E8DE07349B3 /* Debug */ = {
			isa = XCBuildConfiguration;
			buildSettings = {
				APPLICATION_EXTENSION_API_ONLY = YES;
				CODE_SIGN_ENTITLEMENTS = AngelTreeWidget/AngelTreeWidget.entitlements;
				DEVELOPMENT_TEAM = 6X43R56RLW;
				GENERATE_INFOPLIST_FILE = NO;
				INFOPLIST_FILE = AngelTreeWidget/Info.plist;
				LD_RUNPATH_SEARCH_PATHS = (
					"$(inherited)",
					"@executable_path/Frameworks",
					"@executable_path/../../Frameworks",
				);
				PRODUCT_BUNDLE_IDENTIFIER = org.angeltreeservices.field.widget;
				SDKROOT = iphoneos;
				SKIP_INSTALL = YES;
				SUPPORTS_MACCATALYST = NO;
				TARGETED_DEVICE_FAMILY = "1,2";
			};
			name = Debug;
		};
		8CCE2A9148BEC85110001C18 /* Release */ = {
			isa = XCBuildConfiguration;
			baseConfigurationReference = C479E015228AA4E0BFE795D1 /* Shared.xcconfig */;
			buildSettings = {
				ALWAYS_SEARCH_USER_PATHS = NO;
				CLANG_ANALYZER_LOCALIZABILITY_NONLOCALIZED = YES;
				CLANG_ANALYZER_NONNULL = YES;
				CLANG_ANALYZER_NUMBER_OBJECT_CONVERSION = YES_AGGRESSIVE;
				CLANG_CXX_LANGUAGE_STANDARD = "gnu++14";
				CLANG_CXX_LIBRARY = "libc++";
				CLANG_ENABLE_MODULES = YES;
				CLANG_ENABLE_OBJC_ARC = YES;
				CLANG_ENABLE_OBJC_WEAK = YES;
				CLANG_WARN_BLOCK_CAPTURE_AUTORELEASING = YES;
				CLANG_WARN_BOOL_CONVERSION = YES;
				CLANG_WARN_COMMA = YES;
				CLANG_WARN_CONSTANT_CONVERSION = YES;
				CLANG_WARN_DEPRECATED_OBJC_IMPLEMENTATIONS = YES;
				CLANG_WARN_DIRECT_OBJC_ISA_USAGE = YES_ERROR;
				CLANG_WARN_DOCUMENTATION_COMMENTS = YES;
				CLANG_WARN_EMPTY_BODY = YES;
				CLANG_WARN_ENUM_CONVERSION = YES;
				CLANG_WARN_INFINITE_RECURSION = YES;
				CLANG_WARN_INT_CONVERSION = YES;
				CLANG_WARN_NON_LITERAL_NULL_CONVERSION = YES;
				CLANG_WARN_OBJC_IMPLICIT_RETAIN_SELF = YES;
				CLANG_WARN_OBJC_LITERAL_CONVERSION = YES;
				CLANG_WARN_OBJC_ROOT_CLASS = YES_ERROR;
				CLANG_WARN_QUOTED_INCLUDE_IN_FRAMEWORK_HEADER = YES;
				CLANG_WARN_RANGE_LOOP_ANALYSIS = YES;
				CLANG_WARN_STRICT_PROTOTYPES = YES;
				CLANG_WARN_SUSPICIOUS_MOVE = YES;
				CLANG_WARN_UNGUARDED_AVAILABILITY = YES_AGGRESSIVE;
				CLANG_WARN_UNREACHABLE_CODE = YES;
				CLANG_WARN__DUPLICATE_METHOD_MATCH = YES;
				COPY_PHASE_STRIP = NO;
				DEBUG_INFORMATION_FORMAT = "dwarf-with-dsym";
				DEVELOPMENT_ASSET_PATHS = "\"AngelTree/Preview Content\"";
				ENABLE_NS_ASSERTIONS = NO;
				ENABLE_STRICT_OBJC_MSGSEND = YES;
				ENABLE_USER_SCRIPT_SANDBOXING = YES;
				GCC_C_LANGUAGE_STANDARD = gnu11;
				GCC_NO_COMMON_BLOCKS = YES;
				GCC_WARN_64_TO_32_BIT_CONVERSION = YES;
				GCC_WARN_ABOUT_RETURN_TYPE = YES_ERROR;
				GCC_WARN_UNDECLARED_SELECTOR = YES;
				GCC_WARN_UNINITIALIZED_AUTOS = YES_AGGRESSIVE;
				GCC_WARN_UNUSED_FUNCTION = YES;
				GCC_WARN_UNUSED_VARIABLE = YES;
				MTL_ENABLE_DEBUG_INFO = NO;
				MTL_FAST_MATH = YES;
				PRODUCT_NAME = "$(TARGET_NAME)";
				SDKROOT = iphoneos;
				SWIFT_COMPILATION_MODE = wholemodule;
				SWIFT_OPTIMIZATION_LEVEL = "-O";
				SWIFT_STRICT_CONCURRENCY = targeted;
			};
			name = Release;
		};
		A1BCD7A42C0D93743C6A41A8 /* Release */ = {
			isa = XCBuildConfiguration;
			buildSettings = {
				ASSETCATALOG_COMPILER_APPICON_NAME = AppIcon;
				ASSETCATALOG_COMPILER_GLOBAL_ACCENT_COLOR_NAME = AccentColor;
				CODE_SIGN_ENTITLEMENTS = AngelTree/AngelTree.entitlements;
				CODE_SIGN_IDENTITY = "iPhone Developer";
				DEVELOPMENT_TEAM = 6X43R56RLW;
				GENERATE_INFOPLIST_FILE = NO;
				INFOPLIST_FILE = AngelTree/Info.plist;
				LD_RUNPATH_SEARCH_PATHS = (
					"$(inherited)",
					"@executable_path/Frameworks",
				);
				PRODUCT_BUNDLE_IDENTIFIER = org.angeltreeservices.field;
				SDKROOT = iphoneos;
				SUPPORTS_MACCATALYST = NO;
				TARGETED_DEVICE_FAMILY = "1,2";
			};
			name = Release;
		};
		A4DD84369293111D672750DD /* Debug */ = {
			isa = XCBuildConfiguration;
			buildSettings = {
				ASSETCATALOG_COMPILER_APPICON_NAME = AppIcon;
				ASSETCATALOG_COMPILER_GLOBAL_ACCENT_COLOR_NAME = AccentColor;
				CODE_SIGN_ENTITLEMENTS = AngelTree/AngelTree.entitlements;
				CODE_SIGN_IDENTITY = "iPhone Developer";
				DEVELOPMENT_TEAM = 6X43R56RLW;
				GENERATE_INFOPLIST_FILE = NO;
				INFOPLIST_FILE = AngelTree/Info.plist;
				LD_RUNPATH_SEARCH_PATHS = (
					"$(inherited)",
					"@executable_path/Frameworks",
				);
				PRODUCT_BUNDLE_IDENTIFIER = org.angeltreeservices.field;
				SDKROOT = iphoneos;
				SUPPORTS_MACCATALYST = NO;
				TARGETED_DEVICE_FAMILY = "1,2";
			};
			name = Debug;
		};
		E0819B6716E53F052A14DB20 /* Debug */ = {
			isa = XCBuildConfiguration;
			buildSettings = {
				BUNDLE_LOADER = "$(TEST_HOST)";
				GENERATE_INFOPLIST_FILE = YES;
				LD_RUNPATH_SEARCH_PATHS = (
					"$(inherited)",
					"@executable_path/Frameworks",
					"@loader_path/Frameworks",
				);
				PRODUCT_BUNDLE_IDENTIFIER = org.angeltreeservices.field.tests;
				SDKROOT = iphoneos;
				TARGETED_DEVICE_FAMILY = "1,2";
				TEST_HOST = "$(BUILT_PRODUCTS_DIR)/AngelTree.app/AngelTree";
			};
			name = Debug;
		};
/* End XCBuildConfiguration section */

/* Begin XCConfigurationList section */
		204DFA4CFB8CFD95C52D106A /* Build configuration list for PBXProject "AngelTree" */ = {
			isa = XCConfigurationList;
			buildConfigurations = (
				69802EC5AAA9C6F50CA98C60 /* Debug */,
				8CCE2A9148BEC85110001C18 /* Release */,
			);
			defaultConfigurationIsVisible = 0;
			defaultConfigurationName = Debug;
		};
		73D13A7CD66EF5489D58E3D1 /* Build configuration list for PBXNativeTarget "AngelTreeTests" */ = {
			isa = XCConfigurationList;
			buildConfigurations = (
				E0819B6716E53F052A14DB20 /* Debug */,
				2A54A5182A6E5DBADA59C315 /* Release */,
			);
			defaultConfigurationIsVisible = 0;
			defaultConfigurationName = Debug;
		};
		BA3150AD35B0B982D600D0E0 /* Build configuration list for PBXNativeTarget "AngelTree" */ = {
			isa = XCConfigurationList;
			buildConfigurations = (
				A4DD84369293111D672750DD /* Debug */,
				A1BCD7A42C0D93743C6A41A8 /* Release */,
			);
			defaultConfigurationIsVisible = 0;
			defaultConfigurationName = Debug;
		};
		E838A56ABEA64DFC6CB9BAEA /* Build configuration list for PBXNativeTarget "AngelTreeWidget" */ = {
			isa = XCConfigurationList;
			buildConfigurations = (
				6B4A7F7A51069E8DE07349B3 /* Debug */,
				3D39F5A8ECFC7405EFB70A1D /* Release */,
			);
			defaultConfigurationIsVisible = 0;
			defaultConfigurationName = Debug;
		};
/* End XCConfigurationList section */

/* Begin XCRemoteSwiftPackageReference section */
		989D75B02BA387561B157F54 /* XCRemoteSwiftPackageReference "supabase-swift" */ = {
			isa = XCRemoteSwiftPackageReference;
			repositoryURL = "https://github.com/supabase/supabase-swift.git";
			requirement = {
				kind = exactVersion;
				version = 2.55.0;
			};
		};
/* End XCRemoteSwiftPackageReference section */

/* Begin XCSwiftPackageProductDependency section */
		369A42B2FF75406FA04E4905 /* Supabase */ = {
			isa = XCSwiftPackageProductDependency;
			package = 989D75B02BA387561B157F54 /* XCRemoteSwiftPackageReference "supabase-swift" */;
			productName = Supabase;
		};
/* End XCSwiftPackageProductDependency section */
	};
	rootObject = B7103D6A390AF468D3DCED64 /* Project object */;
}
